PODS:
  - Kingfisher (5.15.8):
    - Kingfisher/Core (= 5.15.8)
  - Kingfisher/Core (5.15.8)
  - SDWebImage (5.10.0):
    - SDWebImage/Core (= 5.10.0)
  - SDWebImage/Core (5.10.0)
  - SwiftyJSON (5.0.0)

DEPENDENCIES:
  - Kingfisher
  - SDWebImage
  - SwiftyJSON

SPEC REPOS:
  trunk:
    - Kingfisher
    - SDWebImage
    - SwiftyJSON

SPEC CHECKSUMS:
  Kingfisher: a3c03d702433fa6cfedabb2bddbe076fb8f2e902
  SDWebImage: 9169792e9eec3e45bba2a0c02f74bf8bd922d1ee
  SwiftyJSON: 36413e04c44ee145039d332b4f4e2d3e8d6c4db7

PODFILE CHECKSUM: 7c3963a860207b01e9148997e18a374bef8ebd22

COCOAPODS: 1.10.0
